
Microsoft Visual Studio Solution File, Format Version 12.00
# Visual Studio 15
Project("{FAE04EC0-301F-11D3-BF4B-00C04F79EFBC}") = "Assembly-CSharp", "Assembly-CSharp.csproj", "{731B93A0-E095-FF79-3AFA-8F7F6CC8E24F}"
EndProject
Global
	GlobalSection(SolutionConfigurationPlatforms) = preSolution
		Debug|Any CPU = Debug|Any CPU
		Release|Any CPU = Release|Any CPU
	EndGlobalSection
	GlobalSection(ProjectConfigurationPlatforms) = postSolution
		{731B93A0-E095-FF79-3AFA-8F7F6CC8E24F}.Debug|Any CPU.ActiveCfg = Debug|Any CPU
		{731B93A0-E095-FF79-3AFA-8F7F6CC8E24F}.Debug|Any CPU.Build.0 = Debug|Any CPU
		{731B93A0-E095-FF79-3AFA-8F7F6CC8E24F}.Release|Any CPU.ActiveCfg = Release|Any CPU
		{731B93A0-E095-FF79-3AFA-8F7F6CC8E24F}.Release|Any CPU.Build.0 = Release|Any CPU
	EndGlobalSection
	GlobalSection(SolutionProperties) = preSolution
		HideSolutionNode = FALSE
	EndGlobalSection
EndGlobal
